
Microsoft Visual Studio Solution File, Format Version 12.00
# Visual Studio Version 16
VisualStudioVersion = 16.0.28803.202
MinimumVisualStudioVersion = 10.0.40219.1
Project("{FAE04EC0-301F-11D3-BF4B-00C04F79EFBC}") = "IDCodeReader", "IDCodeReader\IDCodeReader.csproj", "{B99D1250-674C-43B7-B025-CE04AD7AB248}"
EndProject
Project("{FAE04EC0-301F-11D3-BF4B-00C04F79EFBC}") = "Substring", "Substring\Substring.csproj", "{32E436B7-1203-46E5-8154-2365F02CA5C9}"
EndProject
Global
	GlobalSection(SolutionConfigurationPlatforms) = preSolution
		Debug|Any CPU = Debug|Any CPU
		Release|Any CPU = Release|Any CPU
	EndGlobalSection
	GlobalSection(ProjectConfigurationPlatforms) = postSolution
		{B99D1250-674C-43B7-B025-CE04AD7AB248}.Debug|Any CPU.ActiveCfg = Debug|Any CPU
		{B99D1250-674C-43B7-B025-CE04AD7AB248}.Debug|Any CPU.Build.0 = Debug|Any CPU
		{B99D1250-674C-43B7-B025-CE04AD7AB248}.Release|Any CPU.ActiveCfg = Release|Any CPU
		{B99D1250-674C-43B7-B025-CE04AD7AB248}.Release|Any CPU.Build.0 = Release|Any CPU
		{32E436B7-1203-46E5-8154-2365F02CA5C9}.Debug|Any CPU.ActiveCfg = Debug|Any CPU
		{32E436B7-1203-46E5-8154-2365F02CA5C9}.Debug|Any CPU.Build.0 = Debug|Any CPU
		{32E436B7-1203-46E5-8154-2365F02CA5C9}.Release|Any CPU.ActiveCfg = Release|Any CPU
		{32E436B7-1203-46E5-8154-2365F02CA5C9}.Release|Any CPU.Build.0 = Release|Any CPU
	EndGlobalSection
	GlobalSection(SolutionProperties) = preSolution
		HideSolutionNode = FALSE
	EndGlobalSection
	GlobalSection(ExtensibilityGlobals) = postSolution
		SolutionGuid = {42A7C576-6E68-40B9-84A4-CFEF2BE75EF8}
	EndGlobalSection
EndGlobal
